# THIS IS AN AUTOGENERATED FILE. DO NOT EDIT THIS FILE DIRECTLY.
# yarn lockfile v1


"@babel/code-frame@7.8.3", "@babel/code-frame@^7.0.0", "@babel/code-frame@^7.8.3":
  version "7.8.3"
  resolved "https://registry.yarnpkg.com/@babel/code-frame/-/code-frame-7.8.3.tgz#33e25903d7481181534e12ec0a25f16b6fcf419e"
  integrity sha512-a9gxpmdXtZEInkCSHUJDLHZVBgb1QS0jhss4cPP93EW7s+uC5bikET2twEF3KV+7rDblJcmNvTR7VJejqd2C2g==
  dependencies:
    "@babel/highlight" "^7.8.3"

"@babel/code-frame@^7.10.4":
  version "7.10.4"
  resolved "https://registry.yarnpkg.com/@babel/code-frame/-/code-frame-7.10.4.tgz#168da1a36e90da68ae8d49c0f1b48c7c6249213a"
  integrity sha512-vG6SvB6oYEhvgisZNFRmRCUkLz11c7rp+tbNTynGqc6mS1d5ATd/sGyV6W0KZZnXRKMTzZDRgQT3Ou9jhpAfUg==
  dependencies:
    "@babel/highlight" "^7.10.4"

"@babel/compat-data@^7.8.6", "@babel/compat-data@^7.9.0":
  version "7.9.0"
  resolved "https://registry.yarnpkg.com/@babel/compat-data/-/compat-data-7.9.0.tgz#04815556fc90b0c174abd2c0c1bb966faa036a6c"
  integrity sha512-zeFQrr+284Ekvd9e7KAX954LkapWiOmQtsfHirhxqfdlX6MEC32iRE+pqUGlYIBchdevaCwvzxWGSy/YBNI85g==
  dependencies:
    browserslist "^4.9.1"
    invariant "^2.2.4"
    semver "^5.5.0"

"@babel/core@7.9.0", "@babel/core@^7.1.0", "@babel/core@^7.4.5":
  version "7.9.0"
  resolved "https://registry.yarnpkg.com/@babel/core/-/core-7.9.0.tgz#ac977b538b77e132ff706f3b8a4dbad09c03c56e"
  integrity sha512-kWc7L0fw1xwvI0zi8OKVBuxRVefwGOrKSQMvrQ3dW+bIIavBY3/NpXmpjMy7bQnLgwgzWQZ8TlM57YHpHNHz4w==
  dependencies:
    "@babel/code-frame" "^7.8.3"
    "@babel/generator" "^7.9.0"
    "@babel/helper-module-transforms" "^7.9.0"
    "@babel/helpers" "^7.9.0"
    "@babel/parser" "^7.9.0"
    "@babel/template" "^7.8.6"
    "@babel/traverse" "^7.9.0"
    "@babel/types" "^7.9.0"
    convert-source-map "^1.7.0"
    debug "^4.1.0"
    gensync "^1.0.0-beta.1"
    json5 "^2.1.2"
    lodash "^4.17.13"
    resolve "^1.3.2"
    semver "^5.4.1"
    source-map "^0.5.0"

"@babel/generator@^7.11.5":
  version "7.11.6"
  resolved "https://registry.yarnpkg.com/@babel/generator/-/generator-7.11.6.tgz#b868900f81b163b4d464ea24545c61cbac4dc620"
  integrity sha512-DWtQ1PV3r+cLbySoHrwn9RWEgKMBLLma4OBQloPRyDYvc5msJM9kvTLo1YnlJd1P/ZuKbdli3ijr5q3FvAF3uA==
  dependencies:
    "@babel/types" "^7.11.5"
    jsesc "^2.5.1"
    source-map "^0.5.0"

"@babel/generator@^7.4.0", "@babel/generator@^7.9.0":
  version "7.9.0"
  resolved "https://registry.yarnpkg.com/@babel/generator/-/generator-7.9.0.tgz#0f67adea4ec39dad6e63345f70eec33014d78c89"
  integrity sha512-onl4Oy46oGCzymOXtKMQpI7VXtCbTSHK1kqBydZ6AmzuNcacEVqGk9tZtAS+48IA9IstZcDCgIg8hQKnb7suRw==
  dependencies:
    "@babel/types" "^7.9.0"
    jsesc "^2.5.1"
    lodash "^4.17.13"
    source-map "^0.5.0"

"@babel/helper-annotate-as-pure@^7.8.3":
  version "7.8.3"
  resolved "https://registry.yarnpkg.com/@babel/helper-annotate-as-pure/-/helper-annotate-as-pure-7.8.3.tgz#60bc0bc657f63a0924ff9a4b4a0b24a13cf4deee"
  integrity sha512-6o+mJrZBxOoEX77Ezv9zwW7WV8DdluouRKNY/IR5u/YTMuKHgugHOzYWlYvYLpLA9nPsQCAAASpCIbjI9Mv+Uw==
  dependencies:
    "@babel/types" "^7.8.3"

"@babel/helper-builder-binary-assignment-operator-visitor@^7.8.3":
  version "7.8.3"
  resolved "https://registry.yarnpkg.com/@babel/helper-builder-binary-assignment-operator-visitor/-/helper-builder-binary-assignment-operator-visitor-7.8.3.tgz#c84097a427a061ac56a1c30ebf54b7b22d241503"
  integrity sha512-5eFOm2SyFPK4Rh3XMMRDjN7lBH0orh3ss0g3rTYZnBQ+r6YPj7lgDyCvPphynHvUrobJmeMignBr6Acw9mAPlw==
  dependencies:
    "@babel/helper-explode-assignable-expression" "^7.8.3"
    "@babel/types" "^7.8.3"

"@babel/helper-builder-react-jsx-experimental@^7.9.0":
  version "7.9.0"
  resolved "https://registry.yarnpkg.com/@babel/helper-builder-react-jsx-experimental/-/helper-builder-react-jsx-experimental-7.9.0.tgz#066d80262ade488f9c1b1823ce5db88a4cedaa43"
  integrity sha512-3xJEiyuYU4Q/Ar9BsHisgdxZsRlsShMe90URZ0e6przL26CCs8NJbDoxH94kKT17PcxlMhsCAwZd90evCo26VQ==
  dependencies:
    "@babel/helper-annotate-as-pure" "^7.8.3"
    "@babel/helper-module-imports" "^7.8.3"
    "@babel/types" "^7.9.0"

"@babel/helper-builder-react-jsx@^7.9.0":
  version "7.9.0"
  resolved "https://registry.yarnpkg.com/@babel/helper-builder-react-jsx/-/helper-builder-react-jsx-7.9.0.tgz#16bf391990b57732700a3278d4d9a81231ea8d32"
  integrity sha512-weiIo4gaoGgnhff54GQ3P5wsUQmnSwpkvU0r6ZHq6TzoSzKy4JxHEgnxNytaKbov2a9z/CVNyzliuCOUPEX3Jw==
  dependencies:
    "@babel/helper-annotate-as-pure" "^7.8.3"
    "@babel/types" "^7.9.0"

"@babel/helper-call-delegate@^7.8.7":
  version "7.8.7"
  resolved "https://registry.yarnpkg.com/@babel/helper-call-delegate/-/helper-call-delegate-7.8.7.tgz#28a279c2e6c622a6233da548127f980751324cab"
  integrity sha512-doAA5LAKhsFCR0LAFIf+r2RSMmC+m8f/oQ+URnUET/rWeEzC0yTRmAGyWkD4sSu3xwbS7MYQ2u+xlt1V5R56KQ==
  dependencies:
    "@babel/helper-hoist-variables" "^7.8.3"
    "@babel/traverse" "^7.8.3"
    "@babel/types" "^7.8.7"

"@babel/helper-compilation-targets@^7.8.7":
  version "7.8.7"
  resolved "https://registry.yarnpkg.com/@babel/helper-compilation-targets/-/helper-compilation-targets-7.8.7.tgz#dac1eea159c0e4bd46e309b5a1b04a66b53c1dde"
  integrity sha512-4mWm8DCK2LugIS+p1yArqvG1Pf162upsIsjE7cNBjez+NjliQpVhj20obE520nao0o14DaTnFJv+Fw5a0JpoUw==
  dependencies:
    "@babel/compat-data" "^7.8.6"
    browserslist "^4.9.1"
    invariant "^2.2.4"
    levenary "^1.1.1"
    semver "^5.5.0"

"@babel/helper-create-class-features-plugin@^7.10.5":
  version "7.10.5"
  resolved "https://registry.yarnpkg.com/@babel/helper-create-class-features-plugin/-/helper-create-class-features-plugin-7.10.5.tgz#9f61446ba80e8240b0a5c85c6fdac8459d6f259d"
  integrity sha512-0nkdeijB7VlZoLT3r/mY3bUkw3T8WG/hNw+FATs/6+pG2039IJWjTYL0VTISqsNHMUTEnwbVnc89WIJX9Qed0A==
  dependencies:
    "@babel/helper-function-name" "^7.10.4"
    "@babel/helper-member-expression-to-functions" "^7.10.5"
    "@babel/helper-optimise-call-expression" "^7.10.4"
    "@babel/helper-plugin-utils" "^7.10.4"
    "@babel/helper-replace-supers" "^7.10.4"
    "@babel/helper-split-export-declaration" "^7.10.4"

"@babel/helper-create-class-features-plugin@^7.8.3":
  version "7.8.6"
  resolved "https://registry.yarnpkg.com/@babel/helper-create-class-features-plugin/-/helper-create-class-features-plugin-7.8.6.tgz#243a5b46e2f8f0f674dc1387631eb6b28b851de0"
  integrity sha512-klTBDdsr+VFFqaDHm5rR69OpEQtO2Qv8ECxHS1mNhJJvaHArR6a1xTf5K/eZW7eZpJbhCx3NW1Yt/sKsLXLblg==
  dependencies:
    "@babel/helper-function-name" "^7.8.3"
    "@babel/helper-member-expression-to-functions" "^7.8.3"
    "@babel/helper-optimise-call-expression" "^7.8.3"
    "@babel/helper-plugin-utils" "^7.8.3"
    "@babel/helper-replace-supers" "^7.8.6"
    "@babel/helper-split-export-declaration" "^7.8.3"

"@babel/helper-create-regexp-features-plugin@^7.8.3", "@babel/helper-create-regexp-features-plugin@^7.8.8":
  version "7.8.8"
  resolved "https://registry.yarnpkg.com/@babel/helper-create-regexp-features-plugin/-/helper-create-regexp-features-plugin-7.8.8.tgz#5d84180b588f560b7864efaeea89243e58312087"
  integrity sha512-LYVPdwkrQEiX9+1R29Ld/wTrmQu1SSKYnuOk3g0CkcZMA1p0gsNxJFj/3gBdaJ7Cg0Fnek5z0DsMULePP7Lrqg==
  dependencies:
    "@babel/helper-annotate-as-pure" "^7.8.3"
    "@babel/helper-regex" "^7.8.3"
    regexpu-core "^4.7.0"

"@babel/helper-define-map@^7.8.3":
  version "7.8.3"
  resolved "https://registry.yarnpkg.com/@babel/helper-define-map/-/helper-define-map-7.8.3.tgz#a0655cad5451c3760b726eba875f1cd8faa02c15"
  integrity sha512-PoeBYtxoZGtct3md6xZOCWPcKuMuk3IHhgxsRRNtnNShebf4C8YonTSblsK4tvDbm+eJAw2HAPOfCr+Q/YRG/g==
  dependencies:
    "@babel/helper-function-name" "^7.8.3"
    "@babel/types" "^7.8.3"
    lodash "^4.17.13"

"@babel/helper-explode-assignable-expression@^7.8.3":
  version "7.8.3"
  resolved "https://registry.yarnpkg.com/@babel/helper-explode-assignable-expression/-/helper-explode-assignable-expression-7.8.3.tgz#a728dc5b4e89e30fc2dfc7d04fa28a930653f982"
  integrity sha512-N+8eW86/Kj147bO9G2uclsg5pwfs/fqqY5rwgIL7eTBklgXjcOJ3btzS5iM6AitJcftnY7pm2lGsrJVYLGjzIw==
  dependencies:
    "@babel/traverse" "^7.8.3"
    "@babel/types" "^7.8.3"

"@babel/helper-function-name@^7.10.4":
  version "7.10.4"
  resolved "https://registry.yarnpkg.com/@babel/helper-function-name/-/helper-function-name-7.10.4.tgz#d2d3b20c59ad8c47112fa7d2a94bc09d5ef82f1a"
  integrity sha512-YdaSyz1n8gY44EmN7x44zBn9zQ1Ry2Y+3GTA+3vH6Mizke1Vw0aWDM66FOYEPw8//qKkmqOckrGgTYa+6sceqQ==
  dependencies:
    "@babel/helper-get-function-arity" "^7.10.4"
    "@babel/template" "^7.10.4"
    "@babel/types" "^7.10.4"

"@babel/helper-function-name@^7.8.3":
  version "7.8.3"
  resolved "https://registry.yarnpkg.com/@babel/helper-function-name/-/helper-function-name-7.8.3.tgz#eeeb665a01b1f11068e9fb86ad56a1cb1a824cca"
  integrity sha512-BCxgX1BC2hD/oBlIFUgOCQDOPV8nSINxCwM3o93xP4P9Fq6aV5sgv2cOOITDMtCfQ+3PvHp3l689XZvAM9QyOA==
  dependencies:
    "@babel/helper-get-function-arity" "^7.8.3"
    "@babel/template" "^7.8.3"
    "@babel/types" "^7.8.3"

"@babel/helper-get-function-arity@^7.10.4":
  version "7.10.4"
  resolved "https://registry.yarnpkg.com/@babel/helper-get-function-arity/-/helper-get-function-arity-7.10.4.tgz#98c1cbea0e2332f33f9a4661b8ce1505b2c19ba2"
  integrity sha512-EkN3YDB+SRDgiIUnNgcmiD361ti+AVbL3f3Henf6dqqUyr5dMsorno0lJWJuLhDhkI5sYEpgj6y9kB8AOU1I2A==
  dependencies:
    "@babel/types" "^7.10.4"

"@babel/helper-get-function-arity@^7.8.3":
  version "7.8.3"
  resolved "https://registry.yarnpkg.com/@babel/helper-get-function-arity/-/helper-get-function-arity-7.8.3.tgz#b894b947bd004381ce63ea1db9f08547e920abd5"
  integrity sha512-FVDR+Gd9iLjUMY1fzE2SR0IuaJToR4RkCDARVfsBBPSP53GEqSFjD8gNyxg246VUyc/ALRxFaAK8rVG7UT7xRA==
  dependencies:
    "@babel/types" "^7.8.3"

"@babel/helper-hoist-variables@^7.8.3":
  version "7.8.3"
  resolved "https://registry.yarnpkg.com/@babel/helper-hoist-variables/-/helper-hoist-variables-7.8.3.tgz#1dbe9b6b55d78c9b4183fc8cdc6e30ceb83b7134"
  integrity sha512-ky1JLOjcDUtSc+xkt0xhYff7Z6ILTAHKmZLHPxAhOP0Nd77O+3nCsd6uSVYur6nJnCI029CrNbYlc0LoPfAPQg==
  dependencies:
    "@babel/types" "^7.8.3"

"@babel/helper-member-expression-to-functions@^7.10.4", "@babel/helper-member-expression-to-functions@^7.10.5":
  version "7.11.0"
  resolved "https://registry.yarnpkg.com/@babel/helper-member-expression-to-functions/-/helper-member-expression-to-functions-7.11.0.tgz#ae69c83d84ee82f4b42f96e2a09410935a8f26df"
  integrity sha512-JbFlKHFntRV5qKw3YC0CvQnDZ4XMwgzzBbld7Ly4Mj4cbFy3KywcR8NtNctRToMWJOVvL