# THIS IS AN AUTOGENERATED FILE. DO NOT EDIT THIS FILE DIRECTLY.
# yarn lockfile v1


"@babel/code-frame@7.8.3", "@babel/code-frame@^7.0.0", "@babel/code-frame@^7.8.3":
  version "7.8.3"
  resolved "https://registry.yarnpkg.com/@babel/code-frame/-/code-frame-7.8.3.tgz#33e25903d7481181534e12ec0a25f16b6fcf419e"
  integrity sha512-a9gxpmdXtZEInkCSHUJDLHZVBgb1QS0jhss4cPP93EW7s+uC5bikET2twEF3KV+7rDblJcmNvTR7VJejqd2C2g==
  dependencies:
    "@babel/highlight" "^7.8.3"

"@babel/code-frame@^7.10.4":
  version "7.10.4"
  resolved "https://registry.yarnpkg.com/@babel/code-frame/-/code-frame-7.10.4.tgz#168da1a36e90da68ae8d49c0f1b48c7c6249213a"
  integrity sha512-vG6SvB6oYEhvgisZNFRmRCUkLz11c7rp+tbNTynGqc6mS1d5ATd/sGyV6W0KZZnXRKMTzZDRgQT3Ou9jhpAfUg==
  dependencies:
    "@babel/highlight" "^7.10.4"

"@babel/compat-data@^7.8.6", "@babel/compat-data@^7.9.0":
  version "7.9.0"
  resolved "https://registry.yarnpkg.com/@babel/compat-data/-/compat-data-7.9.0.tgz#04815556fc90b0c174abd2c0c1b